
Microsoft Visual Studio Solution File, Format Version 12.00
# Visual Studio 15
VisualStudioVersion = 15.0.28307.136
MinimumVisualStudioVersion = 10.0.40219.1
Project("{2150E333-8FDC-42A3-9474-1A3956D46DE8}") = "Web", "Web", "{86E11348-4BD3-48FE-A2A0-D5B3E6F10E5D}"
EndProject
Project("{9A19103F-16F7-4668-BE54-9A1E7A4F7556}") = "ScalemodelWorld.Web", "Web\ScalemodelWorld.Web\ScalemodelWorld.Web.csproj", "{C5D6AEB6-E6C4-459A-B395-E5149E806F6E}"
EndProject
Global
	GlobalSection(SolutionConfigurationPlatforms) = preSolution
		Debug|Any CPU = Debug|Any CPU
		Release|Any CPU = Release|Any CPU
	EndGlobalSection
	GlobalSection(ProjectConfigurationPlatforms) = postSolution
		{C5D6AEB6-E6C4-459A-B395-E5149E806F6E}.Debug|Any CPU.ActiveCfg = Debug|Any CPU
		{C5D6AEB6-E6C4-459A-B395-E5149E806F6E}.Debug|Any CPU.Build.0 = Debug|Any CPU
		{C5D6AEB6-E6C4-459A-B395-E5149E806F6E}.Release|Any CPU.ActiveCfg = Release|Any CPU
		{C5D6AEB6-E6C4-459A-B395-E5149E806F6E}.Release|Any CPU.Build.0 = Release|Any CPU
	EndGlobalSection
	GlobalSection(SolutionProperties) = preSolution
		HideSolutionNode = FALSE
	EndGlobalSection
	GlobalSection(NestedProjects) = preSolution
		{C5D6AEB6-E6C4-459A-B395-E5149E806F6E} = {86E11348-4BD3-48FE-A2A0-D5B3E6F10E5D}
	EndGlobalSection
	GlobalSection(ExtensibilityGlobals) = postSolution
		SolutionGuid = {A27B0C3E-DC7F-4C1C-BF99-39BB45347A3D}
	EndGlobalSection
EndGlobal
